
Microsoft Visual Studio Solution File, Format Version 11.00
# Visual C# Express 2010
Project("{FAE04EC0-301F-11D3-BF4B-00C04F79EFBC}") = "TheRealGame", "TheRealGame\TheRealGame.csproj", "{1A8BEEB2-7D3D-4A10-87E8-CB91835D8822}"
EndProject
Global
	GlobalSection(SolutionConfigurationPlatforms) = preSolution
		Debug|x86 = Debug|x86
		Release|x86 = Release|x86
	EndGlobalSection
	GlobalSection(ProjectConfigurationPlatforms) = postSolution
		{1A8BEEB2-7D3D-4A10-87E8-CB91835D8822}.Debug|x86.ActiveCfg = Debug|x86
		{1A8BEEB2-7D3D-4A10-87E8-CB91835D8822}.Debug|x86.Build.0 = Debug|x86
		{1A8BEEB2-7D3D-4A10-87E8-CB91835D8822}.Release|x86.ActiveCfg = Release|x86
		{1A8BEEB2-7D3D-4A10-87E8-CB91835D8822}.Release|x86.Build.0 = Release|x86
	EndGlobalSection
	GlobalSection(SolutionProperties) = preSolution
		HideSolutionNode = FALSE
	EndGlobalSection
EndGlobal
